
Microsoft Visual Studio Solution File, Format Version 12.00
# Visual Studio 15
VisualStudioVersion = 15.0.28307.329
MinimumVisualStudioVersion = 10.0.40219.1
Project("{F184B08F-C81C-45F6-A57F-5ABD9991F28F}") = "Algoritmo 27", "Algoritmo 27\Algoritmo 27.vbproj", "{B1F780B7-D0C5-40CF-80C7-2CCF2D4E80B5}"
EndProject
Global
	GlobalSection(SolutionConfigurationPlatforms) = preSolution
		Debug|Any CPU = Debug|Any CPU
		Release|Any CPU = Release|Any CPU
	EndGlobalSection
	GlobalSection(ProjectConfigurationPlatforms) = postSolution
		{B1F780B7-D0C5-40CF-80C7-2CCF2D4E80B5}.Debug|Any CPU.ActiveCfg = Debug|Any CPU
		{B1F780B7-D0C5-40CF-80C7-2CCF2D4E80B5}.Debug|Any CPU.Build.0 = Debug|Any CPU
		{B1F780B7-D0C5-40CF-80C7-2CCF2D4E80B5}.Release|Any CPU.ActiveCfg = Release|Any CPU
		{B1F780B7-D0C5-40CF-80C7-2CCF2D4E80B5}.Release|Any CPU.Build.0 = Release|Any CPU
	EndGlobalSection
	GlobalSection(SolutionProperties) = preSolution
		HideSolutionNode = FALSE
	EndGlobalSection
	GlobalSection(ExtensibilityGlobals) = postSolution
		SolutionGuid = {966618DA-A24F-4F6D-8B8E-8E18CBABE5C2}
	EndGlobalSection
EndGlobal
